baliance.com/gooxml v0.9.3-0.20181012202337-fca3760b33fb h1:w7fMpNKWIus6VZms7DqzoOQLfWCFsO8qeEdw1Muz+Cs=
baliance.com/gooxml v0.9.3-0.20181012202337-fca3760b33fb/go.mod h1:+gpUgmkAF4zCtwOFPNRLDAvpVRWoKs5EeQTSv/HYFnw=
baliance.com/gooxml v1.0.0 h1:t+4K81ri8c42RDZCrmDCL4VDhIxMdLiBtHOw+rlwxkE=
baliance.com/gooxml v1.0.0/go.mod h1:+gpUgmkAF4zCtwOFPNRLDAvpVRWoKs5EeQTSv/HYFnw=
baliance.com/gooxml v1.0.1/go.mod h1:+gpUgmkAF4zCtwOFPNRLDAvpVRWoKs5EeQTSv/HYFnw=
